<?xml version="1.0" encoding="utf-8"?>
<Project ToolsVersion="4.0" xmlns="http://schemas.microsoft.com/developer/msbuild/2003">
  <ItemGroup>
    <ClCompile Include="math\stats\errorfunction.cpp">
      <Filter>math\stats</Filter>
    </ClCompile>
    <ClCompile Include="pricers\simplepricers.cpp">
      <Filter>pricers</Filter>
    </ClCompile>
    <ClCompile Include="math\interpol\piecewisepolynomial.cpp">
      <Filter>math\interpol</Filter>
    </ClCompile>
    <ClCompile Include="market\market.cpp">
      <Filter>market</Filter>
    </ClCompile>
    <ClCompile Include="market\yieldcurve.cpp">
      <Filter>market</Filter>
    </ClCompile>
    <ClCompile Include="market\volatilitytermstructure.cpp">
      <Filter>market</Filter>
    </ClCompile>
  </ItemGroup>
  <ItemGroup>
    <ClInclude Include="defines.hpp" />
    <ClInclude Include="exception.hpp" />
    <ClInclude Include="sptr.hpp" />
    <ClInclude Include="math\stats\errorfunction.hpp">
      <Filter>math\stats</Filter>
    </ClInclude>
    <ClInclude Include="math\stats\normaldistribution.hpp">
      <Filter>math\stats</Filter>
    </ClInclude>
    <ClInclude Include="math\stats\univariatedistribution.hpp">
      <Filter>math\stats</Filter>
    </ClInclude>
    <ClInclude Include="pricers\simplepricers.hpp">
      <Filter>pricers</Filter>
    </ClInclude>
    <ClInclude Include="math\interpol\piecewisepolynomial.hpp">
      <Filter>math\interpol</Filter>
    </ClInclude>
    <ClInclude Include="math\matrix.hpp">
      <Filter>math</Filter>
    </ClInclude>
    <ClInclude Include="market\market.hpp">
      <Filter>market</Filter>
    </ClInclude>
    <ClInclude Include="market\yieldcurve.hpp">
      <Filter>market</Filter>
    </ClInclude>
    <ClInclude Include="sptrmap.hpp" />
    <ClInclude Include="utils.hpp" />
    <ClInclude Include="market\volatilitytermstructure.hpp">
      <Filter>market</Filter>
    </ClInclude>
  </ItemGroup>
  <ItemGroup>
    <Filter Include="math">
      <UniqueIdentifier>{7d549f90-70ee-414c-9cc6-441969492fae}</UniqueIdentifier>
    </Filter>
    <Filter Include="math\stats">
      <UniqueIdentifier>{1a445835-8596-44fc-b215-7ed353f3f1e7}</UniqueIdentifier>
    </Filter>
    <Filter Include="pricers">
      <UniqueIdentifier>{e44216ea-d060-4617-82cc-96c437201c20}</UniqueIdentifier>
    </Filter>
    <Filter Include="math\interpol">
      <UniqueIdentifier>{6c7494bf-f83e-470d-bbb1-2ad89d8175c4}</UniqueIdentifier>
    </Filter>
    <Filter Include="market">
      <UniqueIdentifier>{4305c7c4-0e06-4c31-9510-5e1103b0cad5}</UniqueIdentifier>
    </Filter>
  </ItemGroup>
</Project>