
Microsoft Visual Studio Solution File, Format Version 12.00
# Visual Studio Version 17
VisualStudioVersion = 17.3.32804.467
MinimumVisualStudioVersion = 10.0.40219.1
Project("{8BC9CEB8-8B4A-11D0-8D11-00A0C91BC942}") = "xlwtest", "xlwtest\xlwtest.vcxproj", "{37A5134C-2CE9-41DB-9A66-693B950CFB5D}"
EndProject
Global
	GlobalSection(SolutionConfigurationPlatforms) = preSolution
		Debug|x64 = Debug|x64
		Debug|x86 = Debug|x86
		Release|x64 = Release|x64
		Release|x86 = Release|x86
	EndGlobalSection
	GlobalSection(ProjectConfigurationPlatforms) = postSolution
		{37A5134C-2CE9-41DB-9A66-693B950CFB5D}.Debug|x64.ActiveCfg = Debug|x64
		{37A5134C-2CE9-41DB-9A66-693B950CFB5D}.Debug|x64.Build.0 = Debug|x64
		{37A5134C-2CE9-41DB-9A66-693B950CFB5D}.Debug|x86.ActiveCfg = Debug|Win32
		{37A5134C-2CE9-41DB-9A66-693B950CFB5D}.Debug|x86.Build.0 = Debug|Win32
		{37A5134C-2CE9-41DB-9A66-693B950CFB5D}.Release|x64.ActiveCfg = Release|x64
		{37A5134C-2CE9-41DB-9A66-693B950CFB5D}.Release|x64.Build.0 = Release|x64
		{37A5134C-2CE9-41DB-9A66-693B950CFB5D}.Release|x86.ActiveCfg = Release|Win32
		{37A5134C-2CE9-41DB-9A66-693B950CFB5D}.Release|x86.Build.0 = Release|Win32
	EndGlobalSection
	GlobalSection(SolutionProperties) = preSolution
		HideSolutionNode = FALSE
	EndGlobalSection
	GlobalSection(ExtensibilityGlobals) = postSolution
		SolutionGuid = {5D9F8D0B-4EBF-4FB6-A4B0-3A97F4F5F0B8}
	EndGlobalSection
EndGlobal
